
Microsoft Visual Studio Solution File, Format Version 12.00
Project("{FAE04EC0-301F-11D3-BF4B-00C04F79EFBC}") = "EasyDriver", "EasyDriver\EasyDriver.csproj", "{3CFB4659-F497-4EA1-A990-20AE6B6A6256}"
EndProject
Project("{FAE04EC0-301F-11D3-BF4B-00C04F79EFBC}") = "EasyDriver.Tests", "EasyDriver.Tests\EasyDriver.Tests.csproj", "{B1BC230A-C0C7-454B-ABB1-A74522E14198}"
EndProject
Global
	GlobalSection(SolutionConfigurationPlatforms) = preSolution
		Debug|Any CPU = Debug|Any CPU
		Release|Any CPU = Release|Any CPU
	EndGlobalSection
	GlobalSection(ProjectConfigurationPlatforms) = postSolution
		{3CFB4659-F497-4EA1-A990-20AE6B6A6256}.Debug|Any CPU.ActiveCfg = Debug|Any CPU
		{3CFB4659-F497-4EA1-A990-20AE6B6A6256}.Debug|Any CPU.Build.0 = Debug|Any CPU
		{3CFB4659-F497-4EA1-A990-20AE6B6A6256}.Release|Any CPU.ActiveCfg = Release|Any CPU
		{3CFB4659-F497-4EA1-A990-20AE6B6A6256}.Release|Any CPU.Build.0 = Release|Any CPU
		{B1BC230A-C0C7-454B-ABB1-A74522E14198}.Debug|Any CPU.ActiveCfg = Debug|Any CPU
		{B1BC230A-C0C7-454B-ABB1-A74522E14198}.Debug|Any CPU.Build.0 = Debug|Any CPU
		{B1BC230A-C0C7-454B-ABB1-A74522E14198}.Release|Any CPU.ActiveCfg = Release|Any CPU
		{B1BC230A-C0C7-454B-ABB1-A74522E14198}.Release|Any CPU.Build.0 = Release|Any CPU
	EndGlobalSection
EndGlobal
