
Microsoft Visual Studio Solution File, Format Version 12.00
Project("{FAE04EC0-301F-11D3-BF4B-00C04F79EFBC}") = "EasyDriver", "EasyDriver\EasyDriver.csproj", "{D1A9DCA0-2B7B-4DAD-8BA4-4D3E5E53D768}"
EndProject
Project("{FAE04EC0-301F-11D3-BF4B-00C04F79EFBC}") = "EasyDriver.Tests", "EasyDriver.Tests\EasyDriver.Tests.csproj", "{DB6B51A2-D623-487A-8F2B-EBCF201B746F}"
EndProject
Global
	GlobalSection(SolutionConfigurationPlatforms) = preSolution
		Debug|Any CPU = Debug|Any CPU
		Release|Any CPU = Release|Any CPU
	EndGlobalSection
	GlobalSection(ProjectConfigurationPlatforms) = postSolution
		{D1A9DCA0-2B7B-4DAD-8BA4-4D3E5E53D768}.Debug|Any CPU.ActiveCfg = Debug|Any CPU
		{D1A9DCA0-2B7B-4DAD-8BA4-4D3E5E53D768}.Debug|Any CPU.Build.0 = Debug|Any CPU
		{D1A9DCA0-2B7B-4DAD-8BA4-4D3E5E53D768}.Release|Any CPU.ActiveCfg = Release|Any CPU
		{D1A9DCA0-2B7B-4DAD-8BA4-4D3E5E53D768}.Release|Any CPU.Build.0 = Release|Any CPU
		{DB6B51A2-D623-487A-8F2B-EBCF201B746F}.Debug|Any CPU.ActiveCfg = Debug|Any CPU
		{DB6B51A2-D623-487A-8F2B-EBCF201B746F}.Debug|Any CPU.Build.0 = Debug|Any CPU
		{DB6B51A2-D623-487A-8F2B-EBCF201B746F}.Release|Any CPU.ActiveCfg = Release|Any CPU
		{DB6B51A2-D623-487A-8F2B-EBCF201B746F}.Release|Any CPU.Build.0 = Release|Any CPU
	EndGlobalSection
EndGlobal
